{
  "nodes": {
    "flakeNimbleLib": {
      "inputs": {
        "nixpkgs": [
          "nixpkgs"
        ]
      },
      "locked": {
        "lastModified": 1662018438,
        "narHash": "sha256-QtNtU6+LX3Wokxf0zlFwKTFOcn6TeDjKQZ+DA9OYtvM=",
        "owner": "riinr",
        "repo": "nim-flakes-lib",
        "rev": "b1fe8340736e3a85d25c709ac3dfd82a55c03cbf",
        "type": "github"
      },
      "original": {
        "owner": "riinr",
        "ref": "master",
        "repo": "nim-flakes-lib",
        "type": "github"
      }
    },
    "nixpkgs": {
      "locked": {
        "lastModified": 1667199707,
        "narHash": "sha256-I2Js3Y7gUyVSEXPULHlBoRek4Lh85vnevdS6mdvDNLI=",
        "owner": "NixOS",
        "repo": "nixpkgs",
        "rev": "ced197be72099edcfa68ebed8b87af7b04851f45",
        "type": "github"
      },
      "original": {
        "id": "nixpkgs",
        "type": "indirect"
      }
    },
    "root": {
      "inputs": {
        "flakeNimbleLib": "flakeNimbleLib",
        "nixpkgs": "nixpkgs",
        "vec-master": "vec-master",
        "vec-v1_0": "vec-v1_0"
      }
    },
    "src-vec-master": {
      "flake": false,
      "locked": {
        "lastModified": 1543680350,
        "narHash": "sha256-mJkoLURmyNTvU24wWF6AMWcFVZqqoScdnu982BKA3x0=",
        "owner": "dom96",
        "repo": "vec",
        "rev": "ac6a04f0798c92570955bb6ccbe99b77fdab62dd",
        "type": "github"
      },
      "original": {
        "owner": "dom96",
        "ref": "refs/heads/master",
        "repo": "vec",
        "type": "github"
      }
    },
    "src-vec-v1_0": {
      "flake": false,
      "locked": {
        "lastModified": 1543680350,
        "narHash": "sha256-mJkoLURmyNTvU24wWF6AMWcFVZqqoScdnu982BKA3x0=",
        "owner": "dom96",
        "repo": "vec",
        "rev": "ac6a04f0798c92570955bb6ccbe99b77fdab62dd",
        "type": "github"
      },
      "original": {
        "owner": "dom96",
        "ref": "refs/tags/v1.0",
        "repo": "vec",
        "type": "github"
      }
    },
    "vec-master": {
      "inputs": {
        "flakeNimbleLib": [
          "flakeNimbleLib"
        ],
        "nixpkgs": [
          "nixpkgs"
        ],
        "src-vec-master": "src-vec-master"
      },
      "locked": {
        "dir": "master",
        "lastModified": 1667322780,
        "narHash": "sha256-fXsbVvqWdd+2ydC7S65ARINxl4H5P8Qn9SRIHMrBYpA=",
        "owner": "nim-nix-pkgs",
        "repo": "vec",
        "rev": "0263ceb6ecfb43607939234d1250c54120c87856",
        "type": "github"
      },
      "original": {
        "dir": "master",
        "owner": "nim-nix-pkgs",
        "ref": "master",
        "repo": "vec",
        "type": "github"
      }
    },
    "vec-v1_0": {
      "inputs": {
        "flakeNimbleLib": [
          "flakeNimbleLib"
        ],
        "nixpkgs": [
          "nixpkgs"
        ],
        "src-vec-v1_0": "src-vec-v1_0"
      },
      "locked": {
        "dir": "v1_0",
        "lastModified": 1667322780,
        "narHash": "sha256-fXsbVvqWdd+2ydC7S65ARINxl4H5P8Qn9SRIHMrBYpA=",
        "owner": "nim-nix-pkgs",
        "repo": "vec",
        "rev": "0263ceb6ecfb43607939234d1250c54120c87856",
        "type": "github"
      },
      "original": {
        "dir": "v1_0",
        "owner": "nim-nix-pkgs",
        "ref": "master",
        "repo": "vec",
        "type": "github"
      }
    }
  },
  "root": "root",
  "version": 7
}
